
Microsoft Visual Studio Solution File, Format Version 12.00
# Visual Studio Version 17
VisualStudioVersion = 17.8.34525.116
MinimumVisualStudioVersion = 10.0.40219.1
Project("{9A19103F-16F7-4668-BE54-9A1E7A4F7556}") = "WiredBrainCoffee", "WiredBrainCoffee.csproj", "{D6DC72EC-FE70-4100-A35D-5C6E264EDFBE}"
EndProject
Global
	GlobalSection(SolutionConfigurationPlatforms) = preSolution
		Debug|Any CPU = Debug|Any CPU
		Release|Any CPU = Release|Any CPU
	EndGlobalSection
	GlobalSection(ProjectConfigurationPlatforms) = postSolution
		{D6DC72EC-FE70-4100-A35D-5C6E264EDFBE}.Debug|Any CPU.ActiveCfg = Debug|Any CPU
		{D6DC72EC-FE70-4100-A35D-5C6E264EDFBE}.Debug|Any CPU.Build.0 = Debug|Any CPU
		{D6DC72EC-FE70-4100-A35D-5C6E264EDFBE}.Release|Any CPU.ActiveCfg = Release|Any CPU
		{D6DC72EC-FE70-4100-A35D-5C6E264EDFBE}.Release|Any CPU.Build.0 = Release|Any CPU
	EndGlobalSection
	GlobalSection(SolutionProperties) = preSolution
		HideSolutionNode = FALSE
	EndGlobalSection
	GlobalSection(ExtensibilityGlobals) = postSolution
		SolutionGuid = {84ED11BA-9BDB-4613-AB3D-9D42749E9AB8}
	EndGlobalSection
EndGlobal
